// !$*UTF8*$!
{
	archiveVersion = 1;
	classes = {
	};
	objectVersion = 56;
	objects = {

/* Begin PBXBuildFile section */
		7EBD79252B1D1A2200CA4A52 /* AppDelegate.swift in Sources */ = {isa = PBXBuildFile; fileRef = 7EBD79242B1D1A2200CA4A52 /* AppDelegate.swift */; };
		7EBD79272B1D1A2200CA4A52 /* ContentView.swift in Sources */ = {isa = PBXBuildFile; fileRef = 7EBD79262B1D1A2200CA4A52 /* ContentView.swift */; };
		7EBD79292B1D1A2300CA4A52 /* Assets.xcassets in Resources */ = {isa = PBXBuildFile; fileRef = 7EBD79282B1D1A2300CA4A52 /* Assets.xcassets */; };
		7EBD792C2B1D1A2300CA4A52 /* Preview Assets.xcassets in Resources */ = {isa = PBXBuildFile; fileRef = 7EBD792B2B1D1A2300CA4A52 /* Preview Assets.xcassets */; };
		7EBD79362B1D1A2300CA4A52 /* scanning_objectsTests.swift in Sources */ = {isa = PBXBuildFile; fileRef = 7EBD79352B1D1A2300CA4A52 /* scanning_objectsTests.swift */; };
		7EBD79402B1D1A2300CA4A52 /* scanning_objectsUITests.swift in Sources */ = {isa = PBXBuildFile; fileRef = 7EBD793F2B1D1A2300CA4A52 /* scanning_objectsUITests.swift */; };
		7EBD79422B1D1A2300CA4A52 /* scanning_objectsUITestsLaunchTests.swift in Sources */ = {isa = PBXBuildFile; fileRef = 7EBD79412B1D1A2300CA4A52 /* scanning_objectsUITestsLaunchTests.swift */; };
/* End PBXBuildFile section */

/* Begin PBXContainerItemProxy section */
		7EBD79322B1D1A2300CA4A52 /* PBXContainerItemProxy */ = {
			isa = PBXContainerItemProxy;
			containerPortal = 7EBD79192B1D1A2200CA4A52 /* Project object */;
			proxyType = 1;
			remoteGlobalIDString = 7EBD79202B1D1A2200CA4A52;
			remoteInfo = scanning_objects;
		};
		7EBD793C2B1D1A2300CA4A52 /* PBXContainerItemProxy */ = {
			isa = PBXContainerItemProxy;
			containerPortal = 7EBD79192B1D1A2200CA4A52 /* Project object */;
			proxyType = 1;
			remoteGlobalIDString = 7EBD79202B1D1A2200CA4A52;
			remoteInfo = scanning_objects;
		};
/* End PBXContainerItemProxy section */

/* Begin PBXFileReference section */
		7EBD79212B1D1A2200CA4A52 /* scanning_objects.app */ = {isa = PBXFileReference; explicitFileType = wrapper.application; includeInIndex = 0; path = scanning_objects.app; sourceTree = BUILT_PRODUCTS_DIR; };
		7EBD79242B1D1A2200CA4A52 /* AppDelegate.swift */ = {isa = PBXFileReference; lastKnownFileType = sourcecode.swift; path = AppDelegate.swift; sourceTree = "<group>"; };
		7EBD79262B1D1A2200CA4A52 /* ContentView.swift */ = {isa = PBXFileReference; lastKnownFileType = sourcecode.swift; path = ContentView.swift; sourceTree = "<group>"; };
		7EBD79282B1D1A2300CA4A52 /* Assets.xcassets */ = {isa = PBXFileReference; lastKnownFileType = folder.assetcatalog; path = Assets.xcassets; sourceTree = "<group>"; };
		7EBD792B2B1D1A2300CA4A52 /* Preview Assets.xcassets */ = {isa = PBXFileReference; lastKnownFileType = folder.assetcatalog; path = "Preview Assets.xcassets"; sourceTree = "<group>"; };
		7EBD79312B1D1A2300CA4A52 /* scanning_objectsTests.xctest */ = {isa = PBXFileReference; explicitFileType = wrapper.cfbundle; includeInIndex = 0; path = scanning_objectsTests.xctest; sourceTree = BUILT_PRODUCTS_DIR; };
		7EBD79352B1D1A2300CA4A52 /* scanning_objectsTests.swift */ = {isa = PBXFileReference; lastKnownFileType = sourcecode.swift; path = scanning_objectsTests.swift; sourceTree = "<group>"; };
		7EBD793B2B1D1A2300CA4A52 /* scanning_objectsUITests.xctest */ = {isa = PBXFileReference; explicitFileType = wrapper.cfbundle; includeInIndex = 0; path = scanning_objectsUITests.xctest; sourceTree = BUILT_PRODUCTS_DIR; };
		7EBD793F2B1D1A2300CA4A52 /* scanning_objectsUITests.swift */ = {isa = PBXFileReference; lastKnownFileType = sourcecode.swift; path = scanning_objectsUITests.swift; sourceTree = "<group>"; };
		7EBD79412B1D1A2300CA4A52 /* scanning_objectsUITestsLaunchTests.swift */ = {isa = PBXFileReference; lastKnownFileType = sourcecode.swift; path = scanning_objectsUITestsLaunchTests.swift; sourceTree = "<group>"; };
/* End PBXFileReference section */

/* Begin PBXFrameworksBuildPhase section */
		7EBD791E2B1D1A2200CA4A52 /* Frameworks */ = {
			isa = PBXFrameworksBuildPhase;
			buildActionMask = 2147483647;
			files = (
			);
			runOnlyForDeploymentPostprocessing = 0;
		};
		7EBD792E2B1D1A2300CA4A52 /* Frameworks */ = {
			isa = PBXFrameworksBuildPhase;
			buildActionMask = 2147483647;
			files = (
			);
			runOnlyForDeploymentPostprocessing = 0;
		};
		7EBD79382B1D1A2300CA4A52 /* Frameworks */ = {
			isa = PBXFrameworksBuildPhase;
			buildActionMask = 2147483647;
			files = (
			);
			runOnlyForDeploymentPostprocessing = 0;
		};
/* End PBXFrameworksBuildPhase section */

/* Begin PBXGroup section */
		7EBD79182B1D1A2200CA4A52 = {
			isa = PBXGroup;
			children = (
				7EBD79232B1D1A2200CA4A52 /* scanning_objects */,
				7EBD79342B1D1A2300CA4A52 /* scanning_objectsTests */,
				7EBD793E2B1D1A2300CA4A52 /* scanning_objectsUITests */,
				7EBD79222B1D1A2200CA4A52 /* Products */,
			);
			sourceTree = "<group>";
		};
		7EBD79222B1D1A2200CA4A52 /* Products */ = {
			isa = PBXGroup;
			children = (
				7EBD79212B1D1A2200CA4A52 /* scanning_objects.app */,
				7EBD79312B1D1A2300CA4A52 /* scanning_objectsTests.xctest */,
				7EBD793B2B1D1A2300CA4A52 /* scanning_objectsUITests.xctest */,
			);
			name = Products;
			sourceTree = "<group>";
		};
		7EBD79232B1D1A2200CA4A52 /* scanning_objects */ = {
			isa = PBXGroup;
			children = (
				7EBD79242B1D1A2200CA4A52 /* AppDelegate.swift */,
				7EBD79262B1D1A2200CA4A52 /* ContentView.swift */,
				7EBD79282B1D1A2300CA4A52 /* Assets.xcassets */,
				7EBD792A2B1D1A2300CA4A52 /* Preview Content */,
			);
			path = scanning_objects;
			sourceTree = "<group>";
		};
		7EBD792A2B1D1A2300CA4A52 /* Preview Content */ = {
			isa = PBXGroup;
			children = (
				7EBD792B2B1D1A2300CA4A52 /* Preview Assets.xcassets */,
			);
			path = "Preview Content";
			sourceTree = "<group>";
		};
		7EBD79342B1D1A2300CA4A52 /* scanning_objectsTests */ = {
			isa = PBXGroup;
			children = (
				7EBD79352B1D1A2300CA4A52 /* scanning_objectsTests.swift */,
			);
			path = scanning_objectsTests;
			sourceTree = "<group>";
		};
		7EBD793E2B1D1A2300CA4A52 /* scanning_objectsUITests */ = {
			isa = PBXGroup;
			children = (
				7EBD793F2B1D1A2300CA4A52 /* scanning_objectsUITests.swift */,
				7EBD79412B1D1A2300CA4A52 /* scanning_objectsUITestsLaunchTests.swift */,
			);
			path = scanning_objectsUITests;
			sourceTree = "<group>";
		};
/* End PBXGroup section */

/* Begin PBXNativeTarget section */
		7EBD79202B1D1A2200CA4A52 /* scanning_objects */ = {
			isa = PBXNativeTarget;
			buildConfigurationList = 7EBD79452B1D1A2300CA4A52 /* Build configuration list for PBXNativeTarget "scanning_objects" */;
			buildPhases = (
				7EBD791D2B1D1A2200CA4A52 /* Sources */,
				7EBD791E2B1D1A2200CA4A52 /* Frameworks */,
				7EBD791F2B1D1A2200CA4A52 /* Resources */,
			);
			buildRules = (
			);
			dependencies = (
			);
			name = scanning_objects;
			productName = scanning_objects;
			productReference = 7EBD79212B1D1A2200CA4A52 /* scanning_objects.app */;
			productType = "com.apple.product-type.application";
		};
		7EBD79302B1D1A2300CA4A52 /* scanning_objectsTests */ = {
			isa = PBXNativeTarget;
			buildConfigurationList = 7EBD79482B1D1A2300CA4A52 /* Build configuration list for PBXNativeTarget "scanning_objectsTests" */;
			buildPhases = (
				7EBD792D2B1D1A2300CA4A52 /* Sources */,
				7EBD792E2B1D1A2300CA4A52 /* Frameworks */,
				7EBD792F2B1D1A2300CA4A52 /* Resources */,
			);
			buildRules = (
			);
			dependencies = (
				7EBD79332B1D1A2300CA4A52 /* PBXTargetDependency */,
			);
			name = scanning_objectsTests;
			productName = scanning_objectsTests;
			productReference = 7EBD79312B1D1A2300CA4A52 /* scanning_objectsTests.xctest */;
			productType = "com.apple.product-type.bundle.unit-test";
		};
		7EBD793A2B1D1A2300CA4A52 /* scanning_objectsUITests */ = {
			isa = PBXNativeTarget;
			buildConfigurationList = 7EBD794B2B1D1A2300CA4A52 /* Build configuration list for PBXNativeTarget "scanning_objectsUITests" */;
			buildPhases = (
				7EBD79372B1D1A2300CA4A52 /* Sources */,
				7EBD79382B1D1A2300CA4A52 /* Frameworks */,
				7EBD79392B1D1A2300CA4A52 /* Resources */,
			);
			buildRules = (
			);
			dependencies = (
				7EBD793D2B1D1A2300CA4A52 /* PBXTargetDependency */,
			);
			name = scanning_objectsUITests;
			productName = scanning_objectsUITests;
			productReference = 7EBD793B2B1D1A2300CA4A52 /* scanning_objectsUITests.xctest */;
			productType = "com.apple.product-type.bundle.ui-testing";
		};
/* End PBXNativeTarget section */

/* Begin PBXProject section */
		7EBD79192B1D1A2200CA4A52 /* Project object */ = {
			isa = PBXProject;
			attributes = {
				BuildIndependentTargetsInParallel = 1;
				LastSwiftUpdateCheck = 1500;
				LastUpgradeCheck = 1500;
				TargetAttributes = {
					7EBD79202B1D1A2200CA4A52 = {
						CreatedOnToolsVersion = 15.0.1;
					};
					7EBD79302B1D1A2300CA4A52 = {
						CreatedOnToolsVersion = 15.0.1;
						TestTargetID = 7EBD79202B1D1A2200CA4A52;
					};
					7EBD793A2B1D1A2300CA4A52 = {
						CreatedOnToolsVersion = 15.0.1;
						TestTargetID = 7EBD79202B1D1A2200CA4A52;
					};
				};
			};
			buildConfigurationList = 7EBD791C2B1D1A2200CA4A52 /* Build configuration list for PBXProject "scanning_objects" */;
			compatibilityVersion = "Xcode 14.0";
			developmentRegion = en;
			hasScannedForEncodings = 0;
			knownRegions = (
				en,
				Base,
			);
			mainGroup = 7EBD79182B1D1A2200CA4A52;
			productRefGroup = 7EBD79222B1D1A2200CA4A52 /* Products */;
			projectDirPath = "";
			projectRoot = "";
			targets = (
				7EBD79202B1D1A2200CA4A52 /* scanning_objects */,
				7EBD79302B1D1A2300CA4A52 /* scanning_objectsTests */,
				7EBD793A2B1D1A2300CA4A52 /* scanning_objectsUITests */,
			);
		};
/* End PBXProject section */

/* Begin PBXResourcesBuildPhase section */
		7EBD791F2B1D1A2200CA4A52 /* Resources */ = {
			isa = PBXResourcesBuildPhase;
			buildActionMask = 2147483647;
			files = (
				7EBD792C2B1D1A2300CA4A52 /* Preview Assets.xcassets in Resources */,
				7EBD79292B1D1A2300CA4A52 /* Assets.xcassets in Resources */,
			);
			runOnlyForDeploymentPostprocessing = 0;
		};
		7EBD792F2B1D1A2300CA4A52 /* Resources */ = {
			isa = PBXResourcesBuildPhase;
			buildActionMask = 2147483647;
			files = (
			);
			runOnlyForDeploymentPostprocessing = 0;
		};
		7EBD79392B1D1A2300CA4A52 /* Resources */ = {
			isa = PBXResourcesBuildPhase;
			buildActionMask = 2147483647;
			files = (
			);
			runOnlyForDeploymentPostprocessing = 0;
		};
/* End PBXResourcesBuildPhase section */

/* Begin PBXSourcesBuildPhase section */
		7EBD791D2B1D1A2200CA4A52 /* Sources */ = {
			isa = PBXSourcesBuildPhase;
			buildActionMask = 2147483647;
			files = (
				7EBD79272B1D1A2200CA4A52 /* ContentView.swift in Sources */,
				7EBD79252B1D1A2200CA4A52 /* AppDelegate.swift in Sources */,
			);
			runOnlyForDeploymentPostprocessing = 0;
		};
		7EBD792D2B1D1A2300CA4A52 /* Sources */ = {
			isa = PBXSourcesBuildPhase;
			buildActionMask = 2147483647;
			files = (
				7EBD79362B1D1A2300CA4A52 /* scanning_objectsTests.swift in Sources */,
			);
			runOnlyForDeploymentPostprocessing = 0;
		};
		7EBD79372B1D1A2300CA4A52 /* Sources */ = {
			isa = PBXSourcesBuildPhase;
			buildActionMask = 2147483647;
			files = (
				7EBD79422B1D1A2300CA4A52 /* scanning_objectsUITestsLaunchTests.swift in Sources */,
				7EBD79402B1D1A2300CA4A52 /* scanning_objectsUITests.swift in Sources */,
			);
			runOnlyForDeploymentPostprocessing = 0;
		};
/* End PBXSourcesBuildPhase section */

/* Begin PBXTargetDependency section */
		7EBD79332B1D1A2300CA4A52 /* PBXTargetDependency */ = {
			isa = PBXTargetDependency;
			target = 7EBD79202B1D1A2200CA4A52 /* scanning_objects */;
			targetProxy = 7EBD79322B1D1A2300CA4A52 /* PBXContainerItemProxy */;
		};
		7EBD793D2B1D1A2300CA4A52 /* PBXTargetDependency */ = {
			isa = PBXTargetDependency;
			target = 7EBD79202B1D1A2200CA4A52 /* scanning_objects */;
			targetProxy = 7EBD793C2B1D1A2300CA4A52 /* PBXContainerItemProxy */;
		};
/* End PBXTargetDependency section */

/* Begin XCBuildConfiguration section */
		7EBD79432B1D1A2300CA4A52 /* Debug */ = {
			isa = XCBuildConfiguration;
			buildSettings = {
				ALWAYS_SEARCH_USER_PATHS = NO;
				ASSETCATALOG_COMPILER_GENERATE_SWIFT_ASSET_SYMBOL_EXTENSIONS = YES;
				CLANG_ANALYZER_NONNULL = YES;
				CLANG_ANALYZER_NUMBER_OBJECT_CONVERSION = YES_AGGRESSIVE;
				CLANG_CXX_LANGUAGE_STANDARD = "gnu++20";
				CLANG_ENABLE_MODULES = YES;
				CLANG_ENABLE_OBJC_ARC = YES;
				CLANG_ENABLE_OBJC_WEAK = YES;
				CLANG_WARN_BLOCK_CAPTURE_AUTORELEASING = YES;
				CLANG_WARN_BOOL_CONVERSION = YES;
				CLANG_WARN_COMMA = YES;
				CLANG_WARN_CONSTANT_CONVERSION = YES;
				CLANG_WARN_DEPRECATED_OBJC_IMPLEMENTATIONS = YES;
				CLANG_WARN_DIRECT_OBJC_ISA_USAGE = YES_ERROR;
				CLANG_WARN_DOCUMENTATION_COMMENTS = YES;
				CLANG_WARN_EMPTY_BODY = YES;
				CLANG_WARN_ENUM_CONVERSION = YES;
				CLANG_WARN_INFINITE_RECURSION = YES;
				CLANG_WARN_INT_CONVERSION = YES;
				CLANG_WARN_NON_LITERAL_NULL_CONVERSION = YES;
				CLANG_WARN_OBJC_IMPLICIT_RETAIN_SELF = YES;
				CLANG_WARN_OBJC_LITERAL_CONVERSION = YES;
				CLANG_WARN_OBJC_ROOT_CLASS = YES_ERROR;
				CLANG_WARN_QUOTED_INCLUDE_IN_FRAMEWORK_HEADER = YES;
				CLANG_WARN_RANGE_LOOP_ANALYSIS = YES;
				CLANG_WARN_STRICT_PROTOTYPES = YES;
				CLANG_WARN_SUSPICIOUS_MOVE = YES;
				CLANG_WARN_UNGUARDED_AVAILABILITY = YES_AGGRESSIVE;
				CLANG_WARN_UNREACHABLE_CODE = YES;
				CLANG_WARN__DUPLICATE_METHOD_MATCH = YES;
				COPY_PHASE_STRIP = NO;
				DEBUG_INFORMATION_FORMAT = dwarf;
				ENABLE_STRICT_OBJC_MSGSEND = YES;
				ENABLE_TESTABILITY = YES;
				ENABLE_USER_SCRIPT_SANDBOXING = YES;
				GCC_C_LANGUAGE_STANDARD = gnu17;
				GCC_DYNAMIC_NO_PIC = NO;
				GCC_NO_COMMON_BLOCKS = YES;
				GCC_OPTIMIZATION_LEVEL = 0;
				GCC_PREPROCESSOR_DEFINITIONS = (
					"DEBUG=1",
					"$(inherited)",
				);
				GCC_WARN_64_TO_32_BIT_CONVERSION = YES;
				GCC_WARN_ABOUT_RETURN_TYPE = YES_ERROR;
				GCC_WARN_UNDECLARED_SELECTOR = YES;
				GCC_WARN_UNINITIALIZED_AUTOS = YES_AGGRESSIVE;
				GCC_WARN_UNUSED_FUNCTION = YES;
				GCC_WARN_UNUSED_VARIABLE = YES;
				IPHONEOS_DEPLOYMENT_TARGET = 17.0;
				LOCALIZATION_PREFERS_STRING_CATALOGS = YES;
				MTL_ENABLE_DEBUG_INFO = INCLUDE_SOURCE;
				MTL_FAST_MATH = YES;
				ONLY_ACTIVE_ARCH = YES;
				SDKROOT = iphoneos;
				SWIFT_ACTIVE_COMPILATION_CONDITIONS = "DEBUG $(inherited)";
				SWIFT_OPTIMIZATION_LEVEL = "-Onone";
			};
			name = Debug;
		};
		7EBD79442B1D1A2300CA4A52 /* Release */ = {
			isa = XCBuildConfiguration;
			buildSettings = {
				ALWAYS_SEARCH_USER_PATHS = NO;
				ASSETCATALOG_COMPILER_GENERATE_SWIFT_ASSET_SYMBOL_EXTENSIONS = YES;
				CLANG_ANALYZER_NONNULL = YES;
				CLANG_ANALYZER_NUMBER_OBJECT_CONVERSION = YES_AGGRESSIVE;
				CLANG_CXX_LANGUAGE_STANDARD = "gnu++20";
				CLANG_ENABLE_MODULES = YES;
				CLANG_ENABLE_OBJC_ARC = YES;
				CLANG_ENABLE_OBJC_WEAK = YES;
				CLANG_WARN_BLOCK_CAPTURE_AUTORELEASING = YES;
				CLANG_WARN_BOOL_CONVERSION = YES;
				CLANG_WARN_COMMA = YES;
				CLANG_WARN_CONSTANT_CONVERSION = YES;
				CLANG_WARN_DEPRECATED_OBJC_IMPLEMENTATIONS = YES;
				CLANG_WARN_DIRECT_OBJC_ISA_USAGE = YES_ERROR;
				CLANG_WARN_DOCUMENTATION_COMMENTS = YES;
				CLANG_WARN_EMPTY_BODY = YES;
				CLANG_WARN_ENUM_CONVERSION = YES;
				CLANG_WARN_INFINITE_RECURSION = YES;
				CLANG_WARN_INT_CONVERSION = YES;
				CLANG_WARN_NON_LITERAL_NULL_CONVERSION = YES;
				CLANG_WARN_OBJC_IMPLICIT_RETAIN_SELF = YES;
				CLANG_WARN_OBJC_LITERAL_CONVERSION = YES;
				CLANG_WARN_OBJC_ROOT_CLASS = YES_ERROR;
				CLANG_WARN_QUOTED_INCLUDE_IN_FRAMEWORK_HEADER = YES;
				CLANG_WARN_RANGE_LOOP_ANALYSIS = YES;
				CLANG_WARN_STRICT_PROTOTYPES = YES;
				CLANG_WARN_SUSPICIOUS_MOVE = YES;
				CLANG_WARN_UNGUARDED_AVAILABILITY = YES_AGGRESSIVE;
				CLANG_WARN_UNREACHABLE_CODE = YES;
				CLANG_WARN__DUPLICATE_METHOD_MATCH = YES;
				COPY_PHASE_STRIP = NO;
				DEBUG_INFORMATION_FORMAT = "dwarf-with-dsym";
				ENABLE_NS_ASSERTIONS = NO;
				ENABLE_STRICT_OBJC_MSGSEND = YES;
				ENABLE_USER_SCRIPT_SANDBOXING = YES;
				GCC_C_LANGUAGE_STANDARD = gnu17;
				GCC_NO_COMMON_BLOCKS = YES;
				GCC_WARN_64_TO_32_BIT_CONVERSION = YES;
				GCC_WARN_ABOUT_RETURN_TYPE = YES_ERROR;
				GCC_WARN_UNDECLARED_SELECTOR = YES;
				GCC_WARN_UNINITIALIZED_AUTOS = YES_AGGRESSIVE;
				GCC_WARN_UNUSED_FUNCTION = YES;
				GCC_WARN_UNUSED_VARIABLE = YES;
				IPHONEOS_DEPLOYMENT_TARGET = 17.0;
				LOCALIZATION_PREFERS_STRING_CATALOGS = YES;
				MTL_ENABLE_DEBUG_INFO = NO;
				MTL_FAST_MATH = YES;
				SDKROOT = iphoneos;
				SWIFT_COMPILATION_MODE = wholemodule;
				VALIDATE_PRODUCT = YES;
			};
			name = Release;
		};
		7EBD79462B1D1A2300CA4A52 /* Debug */ = {
			isa = XCBuildConfiguration;
			buildSettings = {
				ASSETCATALOG_COMPILER_APPICON_NAME = AppIcon;
				ASSETCATALOG_COMPILER_GLOBAL_ACCENT_COLOR_NAME = AccentColor;
				CODE_SIGN_STYLE = Automatic;
				CURRENT_PROJECT_VERSION = 1;
				DEVELOPMENT_ASSET_PATHS = "\"scanning_objects/Preview Content\"";
				DEVELOPMENT_TEAM = 3X78CAAH93;
				ENABLE_PREVIEWS = YES;
				GENERATE_INFOPLIST_FILE = YES;
				INFOPLIST_KEY_NSCameraUsageDescription = "";
				INFOPLIST_KEY_UIApplicationSupportsIndirectInputEvents = YES;
				INFOPLIST_KEY_UILaunchScreen_Generation = YES;
				INFOPLIST_KEY_UIRequiredDeviceCapabilities = arkit;
				INFOPLIST_KEY_UIStatusBarHidden = YES;
				INFOPLIST_KEY_UISupportedInterfaceOrientations_iPad = "UIInterfaceOrientationPortrait UIInterfaceOrientationPortraitUpsideDown UIInterfaceOrientationLandscapeLeft UIInterfaceOrientationLandscapeRight";
				INFOPLIST_KEY_UISupportedInterfaceOrientations_iPhone = "UIInterfaceOrientationPortrait UIInterfaceOrientationLandscapeLeft UIInterfaceOrientationLandscapeRight";
				LD_RUNPATH_SEARCH_PATHS = (
					"$(inherited)",
					"@executable_path/Frameworks",
				);
				MARKETING_VERSION = 1.0;
				PRODUCT_BUNDLE_IDENTIFIER = "com.example.scanning-objects";
				PRODUCT_NAME = "$(TARGET_NAME)";
				SWIFT_EMIT_LOC_STRINGS = YES;
				SWIFT_VERSION = 5.0;
				TARGETED_DEVICE_FAMILY = "1,2";
			};
			name = Debug;
		};
		7EBD79472B1D1A2300CA4A52 /* Release */ = {
			isa = XCBuildConfiguration;
			buildSettings = {
				ASSETCATALOG_COMPILER_APPICON_NAME = AppIcon;
				ASSETCATALOG_COMPILER_GLOBAL_ACCENT_COLOR_NAME = AccentColor;
				CODE_SIGN_STYLE = Automatic;
				CURRENT_PROJECT_VERSION = 1;
				DEVELOPMENT_ASSET_PATHS = "\"scanning_objects/Preview Content\"";
				DEVELOPMENT_TEAM = 3X78CAAH93;
				ENABLE_PREVIEWS = YES;
				GENERATE_INFOPLIST_FILE = YES;
				INFOPLIST_KEY_NSCameraUsageDescription = "";
				INFOPLIST_KEY_UIApplicationSupportsIndirectInputEvents = YES;
				INFOPLIST_KEY_UILaunchScreen_Generation = YES;
				INFOPLIST_KEY_UIRequiredDeviceCapabilities = arkit;
				INFOPLIST_KEY_UIStatusBarHidden = YES;
				INFOPLIST_KEY_UISupportedInterfaceOrientations_iPad = "UIInterfaceOrientationPortrait UIInterfaceOrientationPortraitUpsideDown UIInterfaceOrientationLandscapeLeft UIInterfaceOrientationLandscapeRight";
				INFOPLIST_KEY_UISupportedInterfaceOrientations_iPhone = "UIInterfaceOrientationPortrait UIInterfaceOrientationLandscapeLeft UIInterfaceOrientationLandscapeRight";
				LD_RUNPATH_SEARCH_PATHS = (
					"$(inherited)",
					"@executable_path/Frameworks",
				);
				MARKETING_VERSION = 1.0;
				PRODUCT_BUNDLE_IDENTIFIER = "com.example.scanning-objects";
				PRODUCT_NAME = "$(TARGET_NAME)";
				SWIFT_EMIT_LOC_STRINGS = YES;
				SWIFT_VERSION = 5.0;
				TARGETED_DEVICE_FAMILY = "1,2";
			};
			name = Release;
		};
		7EBD79492B1D1A2300CA4A52 /* Debug */ = {
			isa = XCBuildConfiguration;
			buildSettings = {
				ALWAYS_EMBED_SWIFT_STANDARD_LIBRARIES = YES;
				BUNDLE_LOADER = "$(TEST_HOST)";
				CODE_SIGN_STYLE = Automatic;
				CURRENT_PROJECT_VERSION = 1;
				GENERATE_INFOPLIST_FILE = YES;
				IPHONEOS_DEPLOYMENT_TARGET = 17.0;
				MARKETING_VERSION = 1.0;
				PRODUCT_BUNDLE_IDENTIFIER = "com.example.scanning-objectsTests";
				PRODUCT_NAME = "$(TARGET_NAME)";
				SWIFT_EMIT_LOC_STRINGS = NO;
				SWIFT_VERSION = 5.0;
				TARGETED_DEVICE_FAMILY = "1,2";
				TEST_HOST = "$(BUILT_PRODUCTS_DIR)/scanning_objects.app/$(BUNDLE_EXECUTABLE_FOLDER_PATH)/scanning_objects";
			};
			name = Debug;
		};
		7EBD794A2B1D1A2300CA4A52 /* Release */ = {
			isa = XCBuildConfiguration;
			buildSettings = {
				ALWAYS_EMBED_SWIFT_STANDARD_LIBRARIES = YES;
				BUNDLE_LOADER = "$(TEST_HOST)";
				CODE_SIGN_STYLE = Automatic;
				CURRENT_PROJECT_VERSION = 1;
				GENERATE_INFOPLIST_FILE = YES;
				IPHONEOS_DEPLOYMENT_TARGET = 17.0;
				MARKETING_VERSION = 1.0;
				PRODUCT_BUNDLE_IDENTIFIER = "com.example.scanning-objectsTests";
				PRODUCT_NAME = "$(TARGET_NAME)";
				SWIFT_EMIT_LOC_STRINGS = NO;
				SWIFT_VERSION = 5.0;
				TARGETED_DEVICE_FAMILY = "1,2";
				TEST_HOST = "$(BUILT_PRODUCTS_DIR)/scanning_objects.app/$(BUNDLE_EXECUTABLE_FOLDER_PATH)/scanning_objects";
			};
			name = Release;
		};
		7EBD794C2B1D1A2300CA4A52 /* Debug */ = {
			isa = XCBuildConfiguration;
			buildSettings = {
				ALWAYS_EMBED_SWIFT_STANDARD_LIBRARIES = YES;
				CODE_SIGN_STYLE = Automatic;
				CURRENT_PROJECT_VERSION = 1;
				GENERATE_INFOPLIST_FILE = YES;
				MARKETING_VERSION = 1.0;
				PRODUCT_BUNDLE_IDENTIFIER = "com.example.scanning-objectsUITests";
				PRODUCT_NAME = "$(TARGET_NAME)";
				SWIFT_EMIT_LOC_STRINGS = NO;
				SWIFT_VERSION = 5.0;
				TARGETED_DEVICE_FAMILY = "1,2";
				TEST_TARGET_NAME = scanning_objects;
			};
			name = Debug;
		};
		7EBD794D2B1D1A2300CA4A52 /* Release */ = {
			isa = XCBuildConfiguration;
			buildSettings = {
				ALWAYS_EMBED_SWIFT_STANDARD_LIBRARIES = YES;
				CODE_SIGN_STYLE = Automatic;
				CURRENT_PROJECT_VERSION = 1;
				GENERATE_INFOPLIST_FILE = YES;
				MARKETING_VERSION = 1.0;
				PRODUCT_BUNDLE_IDENTIFIER = "com.example.scanning-objectsUITests";
				PRODUCT_NAME = "$(TARGET_NAME)";
				SWIFT_EMIT_LOC_STRINGS = NO;
				SWIFT_VERSION = 5.0;
				TARGETED_DEVICE_FAMILY = "1,2";
				TEST_TARGET_NAME = scanning_objects;
			};
			name = Release;
		};
/* End XCBuildConfiguration section */

/* Begin XCConfigurationList section */
		7EBD791C2B1D1A2200CA4A52 /* Build configuration list for PBXProject "scanning_objects" */ = {
			isa = XCConfigurationList;
			buildConfigurations = (
				7EBD79432B1D1A2300CA4A52 /* Debug */,
				7EBD79442B1D1A2300CA4A52 /* Release */,
			);
			defaultConfigurationIsVisible = 0;
			defaultConfigurationName = Release;
		};
		7EBD79452B1D1A2300CA4A52 /* Build configuration list for PBXNativeTarget "scanning_objects" */ = {
			isa = XCConfigurationList;
			buildConfigurations = (
				7EBD79462B1D1A2300CA4A52 /* Debug */,
				7EBD79472B1D1A2300CA4A52 /* Release */,
			);
			defaultConfigurationIsVisible = 0;
			defaultConfigurationName = Release;
		};
		7EBD79482B1D1A2300CA4A52 /* Build configuration list for PBXNativeTarget "scanning_objectsTests" */ = {
			isa = XCConfigurationList;
			buildConfigurations = (
				7EBD79492B1D1A2300CA4A52 /* Debug */,
				7EBD794A2B1D1A2300CA4A52 /* Release */,
			);
			defaultConfigurationIsVisible = 0;
			defaultConfigurationName = Release;
		};
		7EBD794B2B1D1A2300CA4A52 /* Build configuration list for PBXNativeTarget "scanning_objectsUITests" */ = {
			isa = XCConfigurationList;
			buildConfigurations = (
				7EBD794C2B1D1A2300CA4A52 /* Debug */,
				7EBD794D2B1D1A2300CA4A52 /* Release */,
			);
			defaultConfigurationIsVisible = 0;
			defaultConfigurationName = Release;
		};
/* End XCConfigurationList section */
	};
	rootObject = 7EBD79192B1D1A2200CA4A52 /* Project object */;
}
